
Microsoft Visual Studio Solution File, Format Version 12.00
# Visual Studio Version 17
VisualStudioVersion = 17.14.36414.22
MinimumVisualStudioVersion = 10.0.40219.1
Project("{2150E333-8FDC-42A3-9474-1A3956D46DE8}") = "payment-service", "payment-service", "{720BAD47-5B87-488E-B2EF-D91886B97FBE}"
EndProject
Project("{2150E333-8FDC-42A3-9474-1A3956D46DE8}") = "product-service", "product-service", "{F1EB713A-48E1-4519-A2CD-2438C5543028}"
EndProject
Project("{2150E333-8FDC-42A3-9474-1A3956D46DE8}") = "Core", "Core", "{E43FABD9-508B-41E7-8A4F-DD534AD69A6C}"
EndProject
Project("{2150E333-8FDC-42A3-9474-1A3956D46DE8}") = "Infrastructure", "Infrastructure", "{CC9093E4-B4EE-4239-B93C-912BBE0F7DE3}"
EndProject
Project("{2150E333-8FDC-42A3-9474-1A3956D46DE8}") = "Presentation", "Presentation", "{E4ADA4D9-D9B9-452D-BA55-208670735556}"
EndProject
Project("{2150E333-8FDC-42A3-9474-1A3956D46DE8}") = "Core", "Core", "{A1AEB4D7-F5F2-419E-AB99-1BCF7AECC5D5}"
EndProject
Project("{2150E333-8FDC-42A3-9474-1A3956D46DE8}") = "Infrastructure", "Infrastructure", "{49EF61A4-9381-49CF-91D9-4B2471C7A1C1}"
EndProject
Project("{2150E333-8FDC-42A3-9474-1A3956D46DE8}") = "Presentation", "Presentation", "{566348E5-2628-4CA7-BB20-CAF8C8DD650D}"
EndProject
Project("{FAE04EC0-301F-11D3-BF4B-00C04F79EFBC}") = "payment-service.Domain", "payment-service\Core\payment-service.Domain\payment-service.Domain.csproj", "{71804FEC-1E43-4533-B52E-627A59AF1AEF}"
EndProject
Project("{FAE04EC0-301F-11D3-BF4B-00C04F79EFBC}") = "payment-service.Application", "payment-service\Core\payment-service.Application\payment-service.Application.csproj", "{4E3A7A49-E171-4581-9132-32E0FA598E21}"
EndProject
Project("{FAE04EC0-301F-11D3-BF4B-00C04F79EFBC}") = "payment-service.Infrastructure", "payment-service\Infrastructure\payment-service.Infrastructure\payment-service.Infrastructure.csproj", "{26343E4E-6CD0-400A-BBB8-BEADA9D06B1C}"
EndProject
Project("{FAE04EC0-301F-11D3-BF4B-00C04F79EFBC}") = "payment-service.Persistence", "payment-service\Infrastructure\payment-service.Persistence\payment-service.Persistence.csproj", "{3600FD68-3C8E-47E9-ACF6-EE3722BB88F9}"
EndProject
Project("{FAE04EC0-301F-11D3-BF4B-00C04F79EFBC}") = "payment-service.API", "payment-service\Presantation\payment-service.API\payment-service.API.csproj", "{7C24A2BC-36B6-4BCF-A81E-E7F7A2BFC1FE}"
EndProject
Project("{FAE04EC0-301F-11D3-BF4B-00C04F79EFBC}") = "product-service.Domain", "product-service\Core\product-service.Domain\product-service.Domain.csproj", "{7E578B2A-0171-4BD8-BB67-3F88E79DBCCA}"
EndProject
Project("{FAE04EC0-301F-11D3-BF4B-00C04F79EFBC}") = "product-service.Application", "product-service\Core\product-service.Application\product-service.Application.csproj", "{E4D3D6F1-1EAD-46C0-B923-58F4BAA30854}"
EndProject
Project("{FAE04EC0-301F-11D3-BF4B-00C04F79EFBC}") = "product-service.Infrastructure", "product-service\Infrastructure\product-service.Infrastructure\product-service.Infrastructure.csproj", "{0B01C30B-3C47-42E7-A866-12FDD5A6852D}"
EndProject
Project("{FAE04EC0-301F-11D3-BF4B-00C04F79EFBC}") = "product-service.Persistence", "product-service\Infrastructure\product-service.Persistence\product-service.Persistence.csproj", "{C5F0666C-C36F-481F-B660-D0878AEF9E55}"
EndProject
Project("{FAE04EC0-301F-11D3-BF4B-00C04F79EFBC}") = "product-service.API", "product-service\Presentation\product-service.API\product-service.API.csproj", "{F93AC583-9254-4776-84C9-199BB23B560D}"
EndProject
Project("{FAE04EC0-301F-11D3-BF4B-00C04F79EFBC}") = "Shared", "Shared\Shared.csproj", "{72625435-A79C-4CA2-A292-834C195FF798}"
EndProject
Project("{2150E333-8FDC-42A3-9474-1A3956D46DE8}") = "order-service", "order-service", "{02EA681E-C7D8-13C7-8484-4AC65E1B71E8}"
EndProject
Project("{2150E333-8FDC-42A3-9474-1A3956D46DE8}") = "Core", "Core", "{65128BC8-2FB1-4AF7-BB10-53ECC00AF671}"
EndProject
Project("{2150E333-8FDC-42A3-9474-1A3956D46DE8}") = "Infrastructure", "Infrastructure", "{108D82A2-B6A8-45DE-BBDB-81BE4657DA99}"
EndProject
Project("{2150E333-8FDC-42A3-9474-1A3956D46DE8}") = "Presentation", "Presentation", "{ED5AA6FE-8868-4279-B94E-63E71B2B6FA9}"
EndProject
Project("{FAE04EC0-301F-11D3-BF4B-00C04F79EFBC}") = "order-service.Domain", "order-service\Core\order-service.Domain\order-service.Domain.csproj", "{95BA9C68-8F3D-4804-83F5-5DD6F8891977}"
EndProject
Project("{FAE04EC0-301F-11D3-BF4B-00C04F79EFBC}") = "order-service.Application", "order-service\Core\order-service.Application\order-service.Application.csproj", "{97FDE3F9-0C3A-4A5F-927B-9387CF774B72}"
EndProject
Project("{FAE04EC0-301F-11D3-BF4B-00C04F79EFBC}") = "order-service.Infrastructure", "order-service\Infrastructure\order-service.Infrastructure\order-service.Infrastructure.csproj", "{A7716EFC-BF47-481E-9CE1-E22A2B940EB7}"
EndProject
Project("{FAE04EC0-301F-11D3-BF4B-00C04F79EFBC}") = "order-service.Persistence", "order-service\Infrastructure\order-service.Persistence\order-service.Persistence.csproj", "{BF53657E-8FF5-484C-B273-A5C78C719F59}"
EndProject
Project("{FAE04EC0-301F-11D3-BF4B-00C04F79EFBC}") = "order-service.API", "order-service\Presentation\order-service.API\order-service.API.csproj", "{AA0AF8A0-19CE-487B-A140-2AC6F3972293}"
EndProject
Project("{2150E333-8FDC-42A3-9474-1A3956D46DE8}") = "cart-service", "cart-service", "{AF726AB7-31E8-403E-A4B1-5D95E322279F}"
EndProject
Project("{2150E333-8FDC-42A3-9474-1A3956D46DE8}") = "Core", "Core", "{1F68EFAC-B67D-4710-8701-1461EFC77739}"
EndProject
Project("{2150E333-8FDC-42A3-9474-1A3956D46DE8}") = "Infrastructure", "Infrastructure", "{FDAE9531-B62C-42C4-9AEE-E81B69873FF4}"
EndProject
Project("{2150E333-8FDC-42A3-9474-1A3956D46DE8}") = "Presentation", "Presentation", "{DEB18433-9D65-4CC9-8B21-36B97B1011C8}"
EndProject
Project("{FAE04EC0-301F-11D3-BF4B-00C04F79EFBC}") = "cart-service.Domain", "cart-service\Core\cart-service.Domain\cart-service.Domain.csproj", "{EE210975-DF8B-427E-8D2B-F2AB4EC10C39}"
EndProject
Project("{FAE04EC0-301F-11D3-BF4B-00C04F79EFBC}") = "cart-service.Application", "cart-service\Core\cart-service.Application\cart-service.Application.csproj", "{86A42F2F-1BCA-4376-B078-8DC3DE79F97F}"
EndProject
Project("{FAE04EC0-301F-11D3-BF4B-00C04F79EFBC}") = "cart-service.Infrastructure", "cart-service\Infrastructure\cart-service.Infrastructure\cart-service.Infrastructure.csproj", "{5971F305-4CE9-4EB4-AB49-26AB99A0290C}"
EndProject
Project("{FAE04EC0-301F-11D3-BF4B-00C04F79EFBC}") = "cart-service.Persistence", "cart-service\Infrastructure\cart-service.Persistence\cart-service.Persistence.csproj", "{14B6C9F9-A7F1-49D1-B9ED-862E970AB02B}"
EndProject
Project("{FAE04EC0-301F-11D3-BF4B-00C04F79EFBC}") = "cart-service.API", "cart-service\Presentation\cart-service.API\cart-service.API.csproj", "{2046BDCB-4E91-45AF-BE44-5C3429EFB7B6}"
EndProject
Project("{FAE04EC0-301F-11D3-BF4B-00C04F79EFBC}") = "checkout-orchestrator-service", "checkout-orchestrator-service\checkout-orchestrator-service.csproj", "{6632075B-9F60-44CC-A5C0-52EF9AEFFF59}"
EndProject
Project("{2150E333-8FDC-42A3-9474-1A3956D46DE8}") = "invoice-service", "invoice-service", "{8DD32EEE-9949-46B3-97FF-33F6FD6CF8E0}"
EndProject
Project("{2150E333-8FDC-42A3-9474-1A3956D46DE8}") = "Core", "Core", "{C6626E47-6DF4-4F3A-8D59-AF647C754419}"
EndProject
Project("{2150E333-8FDC-42A3-9474-1A3956D46DE8}") = "Infrastructure", "Infrastructure", "{CE122359-2895-431C-BB70-33F596BACDF1}"
EndProject
Project("{2150E333-8FDC-42A3-9474-1A3956D46DE8}") = "Presentation", "Presentation", "{5E7C90DD-79B4-41CA-A517-0E9AF04C88B9}"
EndProject
Project("{FAE04EC0-301F-11D3-BF4B-00C04F79EFBC}") = "invoice-service.Domain", "invoice-service\Core\invoice-service.Domain\invoice-service.Domain.csproj", "{CECAC348-9628-45CE-97C1-ABBC5E614B06}"
EndProject
Project("{FAE04EC0-301F-11D3-BF4B-00C04F79EFBC}") = "invoice-service.Application", "invoice-service\Core\invoice-service.Application\invoice-service.Application.csproj", "{74BA0D46-B1CF-4DBF-A6EF-464A6F439A54}"
EndProject
Project("{FAE04EC0-301F-11D3-BF4B-00C04F79EFBC}") = "invoice-service.Infrastructure", "invoice-service\Infrastructure\invoice-service.Infrastructure\invoice-service.Infrastructure.csproj", "{B8187E7A-B38A-49B2-804A-5A7F53EB2F37}"
EndProject
Project("{FAE04EC0-301F-11D3-BF4B-00C04F79EFBC}") = "invoice-service.Persistence", "invoice-service\Infrastructure\invoice-service.Persistence\invoice-service.Persistence.csproj", "{DE8BC06A-4B89-45B6-8501-805684B3E5CF}"
EndProject
Project("{FAE04EC0-301F-11D3-BF4B-00C04F79EFBC}") = "invoice-service.API", "invoice-service\Presentation\invoice-service.API\invoice-service.API.csproj", "{B5DE13D6-281F-478B-A31A-65D236776369}"
EndProject
Project("{2150E333-8FDC-42A3-9474-1A3956D46DE8}") = "shipment-service", "shipment-service", "{C0243D8C-F316-44EC-B495-567BD2034552}"
EndProject
Project("{2150E333-8FDC-42A3-9474-1A3956D46DE8}") = "Core", "Core", "{FBDA51DE-1417-434D-98DE-C778A46F2896}"
EndProject
Project("{2150E333-8FDC-42A3-9474-1A3956D46DE8}") = "Infrastructure", "Infrastructure", "{1EBEBB6D-8435-4B59-AF44-7CBCCF0F704E}"
EndProject
Project("{2150E333-8FDC-42A3-9474-1A3956D46DE8}") = "Presentation", "Presentation", "{5E4D0761-4ED8-4E5A-A506-975E5BAEC4AB}"
EndProject
Project("{FAE04EC0-301F-11D3-BF4B-00C04F79EFBC}") = "shipment-service.Domain", "shipment-service\Core\shipment-service.Domain\shipment-service.Domain.csproj", "{3F58B702-9FA5-461A-BB65-FA4EA4E7C105}"
EndProject
Project("{FAE04EC0-301F-11D3-BF4B-00C04F79EFBC}") = "shipment-service.Application", "shipment-service\Core\shipment-service.Application\shipment-service.Application.csproj", "{4452C3DB-57FB-41AA-B768-7B5EB70D685E}"
EndProject
Project("{FAE04EC0-301F-11D3-BF4B-00C04F79EFBC}") = "shipment-service.Infrastructure", "shipment-service\Infrastructure\shipment-service.Infrastructure\shipment-service.Infrastructure.csproj", "{9B3AB07B-4B03-493F-9F27-177F556995A4}"
EndProject
Project("{FAE04EC0-301F-11D3-BF4B-00C04F79EFBC}") = "shipment-service.Persistence", "shipment-service\Infrastructure\shipment-service.Persistence\shipment-service.Persistence.csproj", "{04B4C9EB-8C58-4793-A421-4B23C0A8701B}"
EndProject
Project("{FAE04EC0-301F-11D3-BF4B-00C04F79EFBC}") = "shipment-service.API", "shipment-service\Presentation\shipment-service.API\shipment-service.API.csproj", "{F36D6088-3FC3-462E-95F3-E5E79F824EBC}"
EndProject
Project("{2150E333-8FDC-42A3-9474-1A3956D46DE8}") = "notification-service", "notification-service", "{6A78E499-6AB0-41D7-81B9-BE6645A70091}"
EndProject
Project("{2150E333-8FDC-42A3-9474-1A3956D46DE8}") = "Core", "Core", "{81F988A6-BD93-472C-BFC6-4EB7EC1E87A4}"
EndProject
Project("{2150E333-8FDC-42A3-9474-1A3956D46DE8}") = "Infrastructure", "Infrastructure", "{E4169235-E5FD-489B-839F-D6D6648EB854}"
EndProject
Project("{2150E333-8FDC-42A3-9474-1A3956D46DE8}") = "Presentation", "Presentation", "{ABEDC860-FA35-470D-B573-D0BC0710C4C2}"
EndProject
Project("{FAE04EC0-301F-11D3-BF4B-00C04F79EFBC}") = "notification-service.Domain", "notification-service\Core\notification-service.Domain\notification-service.Domain.csproj", "{5D7E939A-EAD3-44DE-A008-6F99271C112F}"
EndProject
Project("{FAE04EC0-301F-11D3-BF4B-00C04F79EFBC}") = "notification-service.Application", "notification-service\Core\notificaiton-service.Application\notification-service.Application.csproj", "{C23F2C55-1E93-49D5-9EE5-F6B6BF764E97}"
EndProject
Project("{FAE04EC0-301F-11D3-BF4B-00C04F79EFBC}") = "notification-service.Infrastructure", "notification-service\Infrastructure\notificaiton-service.Infrastructure\notification-service.Infrastructure.csproj", "{DCF4E4BD-C385-4CC2-9939-AFC12027229B}"
EndProject
Project("{FAE04EC0-301F-11D3-BF4B-00C04F79EFBC}") = "notification-service.Persistence", "notification-service\Infrastructure\notification-service.Persistence\notification-service.Persistence.csproj", "{79E70415-2981-4B4C-923A-F991456C08C5}"
EndProject
Project("{FAE04EC0-301F-11D3-BF4B-00C04F79EFBC}") = "notification-service.API", "notification-service\Presentation\notification-service.API\notification-service.API.csproj", "{2A53038A-A1D0-42EE-976A-224883477EA9}"
EndProject
Project("{2150E333-8FDC-42A3-9474-1A3956D46DE8}") = "auth-service", "auth-service", "{2E6CF228-8BDA-4A8F-ABDE-19CFA62D7517}"
EndProject
Project("{2150E333-8FDC-42A3-9474-1A3956D46DE8}") = "src", "src", "{9F307E29-5023-428F-8A7E-970CBDF5E9FB}"
EndProject
Project("{2150E333-8FDC-42A3-9474-1A3956D46DE8}") = "tests", "tests", "{DB7A50A1-ABE7-4EA1-8260-FA215E14C1AE}"
EndProject
Project("{2150E333-8FDC-42A3-9474-1A3956D46DE8}") = "Core", "Core", "{F8D14C24-8C78-4D11-82C7-F6D02EF0C3B6}"
EndProject
Project("{2150E333-8FDC-42A3-9474-1A3956D46DE8}") = "Infrastructure", "Infrastructure", "{F1DD20DC-E3D6-416A-AF4B-5BE690F0F05C}"
EndProject
Project("{2150E333-8FDC-42A3-9474-1A3956D46DE8}") = "Presentation", "Presentation", "{FFEA28BF-CAD7-4112-835C-57F40468F2F7}"
EndProject
Project("{FAE04EC0-301F-11D3-BF4B-00C04F79EFBC}") = "auth-service.Domain", "auth-service\src\Core\auth-service.Domain\auth-service.Domain.csproj", "{3C2F696A-7083-4BD3-A5BD-5710D9AB36D8}"
EndProject
Project("{FAE04EC0-301F-11D3-BF4B-00C04F79EFBC}") = "auth-service.Application", "auth-service\src\Core\auth-service.Application\auth-service.Application.csproj", "{54A258E4-35A7-4D74-AB25-133A1473D6A1}"
EndProject
Project("{FAE04EC0-301F-11D3-BF4B-00C04F79EFBC}") = "auth-service.Infrastructure", "auth-service\src\Infrastructure\auth-service.Infrastructure\auth-service.Infrastructure.csproj", "{A26903A1-48C8-4ED4-BDB8-F0F559DE9590}"
EndProject
Project("{FAE04EC0-301F-11D3-BF4B-00C04F79EFBC}") = "auth-service.Persistence", "auth-service\src\Infrastructure\auth-service.Persistence\auth-service.Persistence.csproj", "{07F5D93B-B8CE-4C8B-AF9F-89D2749791F8}"
EndProject
Project("{FAE04EC0-301F-11D3-BF4B-00C04F79EFBC}") = "auth-service.API", "auth-service\src\Presentation\auth-service.API\auth-service.API.csproj", "{92CEDD62-FF7D-4C2E-9478-C7E3407C1FBB}"
EndProject
Project("{2150E333-8FDC-42A3-9474-1A3956D46DE8}") = "customer-service", "customer-service", "{5D9ECF3D-6C97-4ACE-BEC1-C4D3E3DB39D3}"
EndProject
Project("{2150E333-8FDC-42A3-9474-1A3956D46DE8}") = "src", "src", "{66D282BA-A5A7-4726-A7E9-7D9FCEB647C2}"
EndProject
Project("{2150E333-8FDC-42A3-9474-1A3956D46DE8}") = "tests", "tests", "{8C8DE07D-09E0-40D4-A736-9A312747607D}"
EndProject
Project("{2150E333-8FDC-42A3-9474-1A3956D46DE8}") = "Core", "Core", "{E18ACE15-D0C1-4E31-A58D-125D88D9CB3E}"
EndProject
Project("{2150E333-8FDC-42A3-9474-1A3956D46DE8}") = "Infrastructure", "Infrastructure", "{E18E6052-F7D1-4558-8D80-0E405C58E739}"
EndProject
Project("{2150E333-8FDC-42A3-9474-1A3956D46DE8}") = "Presentation", "Presentation", "{FEF3D57F-0669-457A-BC94-C7772A0692D4}"
EndProject
Project("{FAE04EC0-301F-11D3-BF4B-00C04F79EFBC}") = "customer-service.Application", "customer-service\src\Core\customer-service.Application\customer-service.Application.csproj", "{F33EC4A6-65C8-4481-830E-3E6A7F20EDD9}"
EndProject
Project("{FAE04EC0-301F-11D3-BF4B-00C04F79EFBC}") = "customer-service.Domain", "customer-service\src\Core\customer-service.Domain\customer-service.Domain.csproj", "{C6EE0821-C2F2-4849-AF79-F331E40BE0FF}"
EndProject
Project("{FAE04EC0-301F-11D3-BF4B-00C04F79EFBC}") = "customer-service.Infrastructure", "customer-service\src\Infrastructure\customer-service.Infrastructure\customer-service.Infrastructure.csproj", "{D8F22D34-80B9-4A7A-ACCC-74C5AB55B5BB}"
EndProject
Project("{FAE04EC0-301F-11D3-BF4B-00C04F79EFBC}") = "customer-service.Persistence", "customer-service\src\Infrastructure\customer-service.Persistence\customer-service.Persistence.csproj", "{36B5F795-8FE3-4849-BC09-2E01F926DF69}"
EndProject
Project("{FAE04EC0-301F-11D3-BF4B-00C04F79EFBC}") = "customer-service.API", "customer-service\src\Presentation\customer-service.API\customer-service.API.csproj", "{E409A84A-DD18-4349-B439-E5E8FE301153}"
EndProject
Global
	GlobalSection(SolutionConfigurationPlatforms) = preSolution
		Debug|Any CPU = Debug|Any CPU
		Release|Any CPU = Release|Any CPU
	EndGlobalSection
	GlobalSection(ProjectConfigurationPlatforms) = postSolution
		{71804FEC-1E43-4533-B52E-627A59AF1AEF}.Debug|Any CPU.ActiveCfg = Debug|Any CPU
		{71804FEC-1E43-4533-B52E-627A59AF1AEF}.Debug|Any CPU.Build.0 = Debug|Any CPU
		{71804FEC-1E43-4533-B52E-627A59AF1AEF}.Release|Any CPU.ActiveCfg = Release|Any CPU
		{71804FEC-1E43-4533-B52E-627A59AF1AEF}.Release|Any CPU.Build.0 = Release|Any CPU
		{4E3A7A49-E171-4581-9132-32E0FA598E21}.Debug|Any CPU.ActiveCfg = Debug|Any CPU
		{4E3A7A49-E171-4581-9132-32E0FA598E21}.Debug|Any CPU.Build.0 = Debug|Any CPU
		{4E3A7A49-E171-4581-9132-32E0FA598E21}.Release|Any CPU.ActiveCfg = Release|Any CPU
		{4E3A7A49-E171-4581-9132-32E0FA598E21}.Release|Any CPU.Build.0 = Release|Any CPU
		{26343E4E-6CD0-400A-BBB8-BEADA9D06B1C}.Debug|Any CPU.ActiveCfg = Debug|Any CPU
		{26343E4E-6CD0-400A-BBB8-BEADA9D06B1C}.Debug|Any CPU.Build.0 = Debug|Any CPU
		{26343E4E-6CD0-400A-BBB8-BEADA9D06B1C}.Release|Any CPU.ActiveCfg = Release|Any CPU
		{26343E4E-6CD0-400A-BBB8-BEADA9D06B1C}.Release|Any CPU.Build.0 = Release|Any CPU
		{3600FD68-3C8E-47E9-ACF6-EE3722BB88F9}.Debug|Any CPU.ActiveCfg = Debug|Any CPU
		{3600FD68-3C8E-47E9-ACF6-EE3722BB88F9}.Debug|Any CPU.Build.0 = Debug|Any CPU
		{3600FD68-3C8E-47E9-ACF6-EE3722BB88F9}.Release|Any CPU.ActiveCfg = Release|Any CPU
		{3600FD68-3C8E-47E9-ACF6-EE3722BB88F9}.Release|Any CPU.Build.0 = Release|Any CPU
		{7C24A2BC-36B6-4BCF-A81E-E7F7A2BFC1FE}.Debug|Any CPU.ActiveCfg = Debug|Any CPU
		{7C24A2BC-36B6-4BCF-A81E-E7F7A2BFC1FE}.Debug|Any CPU.Build.0 = Debug|Any CPU
		{7C24A2BC-36B6-4BCF-A81E-E7F7A2BFC1FE}.Release|Any CPU.ActiveCfg = Release|Any CPU
		{7C24A2BC-36B6-4BCF-A81E-E7F7A2BFC1FE}.Release|Any CPU.Build.0 = Release|Any CPU
		{7E578B2A-0171-4BD8-BB67-3F88E79DBCCA}.Debug|Any CPU.ActiveCfg = Debug|Any CPU
		{7E578B2A-0171-4BD8-BB67-3F88E79DBCCA}.Debug|Any CPU.Build.0 = Debug|Any CPU
		{7E578B2A-0171-4BD8-BB67-3F88E79DBCCA}.Release|Any CPU.ActiveCfg = Release|Any CPU
		{7E578B2A-0171-4BD8-BB67-3F88E79DBCCA}.Release|Any CPU.Build.0 = Release|Any CPU
		{E4D3D6F1-1EAD-46C0-B923-58F4BAA30854}.Debug|Any CPU.ActiveCfg = Debug|Any CPU
		{E4D3D6F1-1EAD-46C0-B923-58F4BAA30854}.Debug|Any CPU.Build.0 = Debug|Any CPU
		{E4D3D6F1-1EAD-46C0-B923-58F4BAA30854}.Release|Any CPU.ActiveCfg = Release|Any CPU
		{E4D3D6F1-1EAD-46C0-B923-58F4BAA30854}.Release|Any CPU.Build.0 = Release|Any CPU
		{0B01C30B-3C47-42E7-A866-12FDD5A6852D}.Debug|Any CPU.ActiveCfg = Debug|Any CPU
		{0B01C30B-3C47-42E7-A866-12FDD5A6852D}.Debug|Any CPU.Build.0 = Debug|Any CPU
		{0B01C30B-3C47-42E7-A866-12FDD5A6852D}.Release|Any CPU.ActiveCfg = Release|Any CPU
		{0B01C30B-3C47-42E7-A866-12FDD5A6852D}.Release|Any CPU.Build.0 = Release|Any CPU
		{C5F0666C-C36F-481F-B660-D0878AEF9E55}.Debug|Any CPU.ActiveCfg = Debug|Any CPU
		{C5F0666C-C36F-481F-B660-D0878AEF9E55}.Debug|Any CPU.Build.0 = Debug|Any CPU
		{C5F0666C-C36F-481F-B660-D0878AEF9E55}.Release|Any CPU.ActiveCfg = Release|Any CPU
		{C5F0666C-C36F-481F-B660-D0878AEF9E55}.Release|Any CPU.Build.0 = Release|Any CPU
		{F93AC583-9254-4776-84C9-199BB23B560D}.Debug|Any CPU.ActiveCfg = Debug|Any CPU
		{F93AC583-9254-4776-84C9-199BB23B560D}.Debug|Any CPU.Build.0 = Debug|Any CPU
		{F93AC583-9254-4776-84C9-199BB23B560D}.Release|Any CPU.ActiveCfg = Release|Any CPU
		{F93AC583-9254-4776-84C9-199BB23B560D}.Release|Any CPU.Build.0 = Release|Any CPU
		{72625435-A79C-4CA2-A292-834C195FF798}.Debug|Any CPU.ActiveCfg = Debug|Any CPU
		{72625435-A79C-4CA2-A292-834C195FF798}.Debug|Any CPU.Build.0 = Debug|Any CPU
		{72625435-A79C-4CA2-A292-834C195FF798}.Release|Any CPU.ActiveCfg = Release|Any CPU
		{72625435-A79C-4CA2-A292-834C195FF798}.Release|Any CPU.Build.0 = Release|Any CPU
		{95BA9C68-8F3D-4804-83F5-5DD6F8891977}.Debug|Any CPU.ActiveCfg = Debug|Any CPU
		{95BA9C68-8F3D-4804-83F5-5DD6F8891977}.Debug|Any CPU.Build.0 = Debug|Any CPU
		{95BA9C68-8F3D-4804-83F5-5DD6F8891977}.Release|Any CPU.ActiveCfg = Release|Any CPU
		{95BA9C68-8F3D-4804-83F5-5DD6F8891977}.Release|Any CPU.Build.0 = Release|Any CPU
		{97FDE3F9-0C3A-4A5F-927B-9387CF774B72}.Debug|Any CPU.ActiveCfg = Debug|Any CPU
		{97FDE3F9-0C3A-4A5F-927B-9387CF774B72}.Debug|Any CPU.Build.0 = Debug|Any CPU
		{97FDE3F9-0C3A-4A5F-927B-9387CF774B72}.Release|Any CPU.ActiveCfg = Release|Any CPU
		{97FDE3F9-0C3A-4A5F-927B-9387CF774B72}.Release|Any CPU.Build.0 = Release|Any CPU
		{A7716EFC-BF47-481E-9CE1-E22A2B940EB7}.Debug|Any CPU.ActiveCfg = Debug|Any CPU
		{A7716EFC-BF47-481E-9CE1-E22A2B940EB7}.Debug|Any CPU.Build.0 = Debug|Any CPU
		{A7716EFC-BF47-481E-9CE1-E22A2B940EB7}.Release|Any CPU.ActiveCfg = Release|Any CPU
		{A7716EFC-BF47-481E-9CE1-E22A2B940EB7}.Release|Any CPU.Build.0 = Release|Any CPU
		{BF53657E-8FF5-484C-B273-A5C78C719F59}.Debug|Any CPU.ActiveCfg = Debug|Any CPU
		{BF53657E-8FF5-484C-B273-A5C78C719F59}.Debug|Any CPU.Build.0 = Debug|Any CPU
		{BF53657E-8FF5-484C-B273-A5C78C719F59}.Release|Any CPU.ActiveCfg = Release|Any CPU
		{BF53657E-8FF5-484C-B273-A5C78C719F59}.Release|Any CPU.Build.0 = Release|Any CPU
		{AA0AF8A0-19CE-487B-A140-2AC6F3972293}.Debug|Any CPU.ActiveCfg = Debug|Any CPU
		{AA0AF8A0-19CE-487B-A140-2AC6F3972293}.Debug|Any CPU.Build.0 = Debug|Any CPU
		{AA0AF8A0-19CE-487B-A140-2AC6F3972293}.Release|Any CPU.ActiveCfg = Release|Any CPU
		{AA0AF8A0-19CE-487B-A140-2AC6F3972293}.Release|Any CPU.Build.0 = Release|Any CPU
		{EE210975-DF8B-427E-8D2B-F2AB4EC10C39}.Debug|Any CPU.ActiveCfg = Debug|Any CPU
		{EE210975-DF8B-427E-8D2B-F2AB4EC10C39}.Debug|Any CPU.Build.0 = Debug|Any CPU
		{EE210975-DF8B-427E-8D2B-F2AB4EC10C39}.Release|Any CPU.ActiveCfg = Release|Any CPU
		{EE210975-DF8B-427E-8D2B-F2AB4EC10C39}.Release|Any CPU.Build.0 = Release|Any CPU
		{86A42F2F-1BCA-4376-B078-8DC3DE79F97F}.Debug|Any CPU.ActiveCfg = Debug|Any CPU
		{86A42F2F-1BCA-4376-B078-8DC3DE79F97F}.Debug|Any CPU.Build.0 = Debug|Any CPU
		{86A42F2F-1BCA-4376-B078-8DC3DE79F97F}.Release|Any CPU.ActiveCfg = Release|Any CPU
		{86A42F2F-1BCA-4376-B078-8DC3DE79F97F}.Release|Any CPU.Build.0 = Release|Any CPU
		{5971F305-4CE9-4EB4-AB49-26AB99A0290C}.Debug|Any CPU.ActiveCfg = Debug|Any CPU
		{5971F305-4CE9-4EB4-AB49-26AB99A0290C}.Debug|Any CPU.Build.0 = Debug|Any CPU
		{5971F305-4CE9-4EB4-AB49-26AB99A0290C}.Release|Any CPU.ActiveCfg = Release|Any CPU
		{5971F305-4CE9-4EB4-AB49-26AB99A0290C}.Release|Any CPU.Build.0 = Release|Any CPU
		{14B6C9F9-A7F1-49D1-B9ED-862E970AB02B}.Debug|Any CPU.ActiveCfg = Debug|Any CPU
		{14B6C9F9-A7F1-49D1-B9ED-862E970AB02B}.Debug|Any CPU.Build.0 = Debug|Any CPU
		{14B6C9F9-A7F1-49D1-B9ED-862E970AB02B}.Release|Any CPU.ActiveCfg = Release|Any CPU
		{14B6C9F9-A7F1-49D1-B9ED-862E970AB02B}.Release|Any CPU.Build.0 = Release|Any CPU
		{2046BDCB-4E91-45AF-BE44-5C3429EFB7B6}.Debug|Any CPU.ActiveCfg = Debug|Any CPU
		{2046BDCB-4E91-45AF-BE44-5C3429EFB7B6}.Debug|Any CPU.Build.0 = Debug|Any CPU
		{2046BDCB-4E91-45AF-BE44-5C3429EFB7B6}.Release|Any CPU.ActiveCfg = Release|Any CPU
		{2046BDCB-4E91-45AF-BE44-5C3429EFB7B6}.Release|Any CPU.Build.0 = Release|Any CPU
		{6632075B-9F60-44CC-A5C0-52EF9AEFFF59}.Debug|Any CPU.ActiveCfg = Debug|Any CPU
		{6632075B-9F60-44CC-A5C0-52EF9AEFFF59}.Debug|Any CPU.Build.0 = Debug|Any CPU
		{6632075B-9F60-44CC-A5C0-52EF9AEFFF59}.Release|Any CPU.ActiveCfg = Release|Any CPU
		{6632075B-9F60-44CC-A5C0-52EF9AEFFF59}.Release|Any CPU.Build.0 = Release|Any CPU
		{CECAC348-9628-45CE-97C1-ABBC5E614B06}.Debug|Any CPU.ActiveCfg = Debug|Any CPU
		{CECAC348-9628-45CE-97C1-ABBC5E614B06}.Debug|Any CPU.Build.0 = Debug|Any CPU
		{CECAC348-9628-45CE-97C1-ABBC5E614B06}.Release|Any CPU.ActiveCfg = Release|Any CPU
		{CECAC348-9628-45CE-97C1-ABBC5E614B06}.Release|Any CPU.Build.0 = Release|Any CPU
		{74BA0D46-B1CF-4DBF-A6EF-464A6F439A54}.Debug|Any CPU.ActiveCfg = Debug|Any CPU
		{74BA0D46-B1CF-4DBF-A6EF-464A6F439A54}.Debug|Any CPU.Build.0 = Debug|Any CPU
		{74BA0D46-B1CF-4DBF-A6EF-464A6F439A54}.Release|Any CPU.ActiveCfg = Release|Any CPU
		{74BA0D46-B1CF-4DBF-A6EF-464A6F439A54}.Release|Any CPU.Build.0 = Release|Any CPU
		{B8187E7A-B38A-49B2-804A-5A7F53EB2F37}.Debug|Any CPU.ActiveCfg = Debug|Any CPU
		{B8187E7A-B38A-49B2-804A-5A7F53EB2F37}.Debug|Any CPU.Build.0 = Debug|Any CPU
		{B8187E7A-B38A-49B2-804A-5A7F53EB2F37}.Release|Any CPU.ActiveCfg = Release|Any CPU
		{B8187E7A-B38A-49B2-804A-5A7F53EB2F37}.Release|Any CPU.Build.0 = Release|Any CPU
		{DE8BC06A-4B89-45B6-8501-805684B3E5CF}.Debug|Any CPU.ActiveCfg = Debug|Any CPU
		{DE8BC06A-4B89-45B6-8501-805684B3E5CF}.Debug|Any CPU.Build.0 = Debug|Any CPU
		{DE8BC06A-4B89-45B6-8501-805684B3E5CF}.Release|Any CPU.ActiveCfg = Release|Any CPU
		{DE8BC06A-4B89-45B6-8501-805684B3E5CF}.Release|Any CPU.Build.0 = Release|Any CPU
		{B5DE13D6-281F-478B-A31A-65D236776369}.Debug|Any CPU.ActiveCfg = Debug|Any CPU
		{B5DE13D6-281F-478B-A31A-65D236776369}.Debug|Any CPU.Build.0 = Debug|Any CPU
		{B5DE13D6-281F-478B-A31A-65D236776369}.Release|Any CPU.ActiveCfg = Release|Any CPU
		{B5DE13D6-281F-478B-A31A-65D236776369}.Release|Any CPU.Build.0 = Release|Any CPU
		{3F58B702-9FA5-461A-BB65-FA4EA4E7C105}.Debug|Any CPU.ActiveCfg = Debug|Any CPU
		{3F58B702-9FA5-461A-BB65-FA4EA4E7C105}.Debug|Any CPU.Build.0 = Debug|Any CPU
		{3F58B702-9FA5-461A-BB65-FA4EA4E7C105}.Release|Any CPU.ActiveCfg = Release|Any CPU
		{3F58B702-9FA5-461A-BB65-FA4EA4E7C105}.Release|Any CPU.Build.0 = Release|Any CPU
		{4452C3DB-57FB-41AA-B768-7B5EB70D685E}.Debug|Any CPU.ActiveCfg = Debug|Any CPU
		{4452C3DB-57FB-41AA-B768-7B5EB70D685E}.Debug|Any CPU.Build.0 = Debug|Any CPU
		{4452C3DB-57FB-41AA-B768-7B5EB70D685E}.Release|Any CPU.ActiveCfg = Release|Any CPU
		{4452C3DB-57FB-41AA-B768-7B5EB70D685E}.Release|Any CPU.Build.0 = Release|Any CPU
		{9B3AB07B-4B03-493F-9F27-177F556995A4}.Debug|Any CPU.ActiveCfg = Debug|Any CPU
		{9B3AB07B-4B03-493F-9F27-177F556995A4}.Debug|Any CPU.Build.0 = Debug|Any CPU
		{9B3AB07B-4B03-493F-9F27-177F556995A4}.Release|Any CPU.ActiveCfg = Release|Any CPU
		{9B3AB07B-4B03-493F-9F27-177F556995A4}.Release|Any CPU.Build.0 = Release|Any CPU
		{04B4C9EB-8C58-4793-A421-4B23C0A8701B}.Debug|Any CPU.ActiveCfg = Debug|Any CPU
		{04B4C9EB-8C58-4793-A421-4B23C0A8701B}.Debug|Any CPU.Build.0 = Debug|Any CPU
		{04B4C9EB-8C58-4793-A421-4B23C0A8701B}.Release|Any CPU.ActiveCfg = Release|Any CPU
		{04B4C9EB-8C58-4793-A421-4B23C0A8701B}.Release|Any CPU.Build.0 = Release|Any CPU
		{F36D6088-3FC3-462E-95F3-E5E79F824EBC}.Debug|Any CPU.ActiveCfg = Debug|Any CPU
		{F36D6088-3FC3-462E-95F3-E5E79F824EBC}.Debug|Any CPU.Build.0 = Debug|Any CPU
		{F36D6088-3FC3-462E-95F3-E5E79F824EBC}.Release|Any CPU.ActiveCfg = Release|Any CPU
		{F36D6088-3FC3-462E-95F3-E5E79F824EBC}.Release|Any CPU.Build.0 = Release|Any CPU
		{5D7E939A-EAD3-44DE-A008-6F99271C112F}.Debug|Any CPU.ActiveCfg = Debug|Any CPU
		{5D7E939A-EAD3-44DE-A008-6F99271C112F}.Debug|Any CPU.Build.0 = Debug|Any CPU
		{5D7E939A-EAD3-44DE-A008-6F99271C112F}.Release|Any CPU.ActiveCfg = Release|Any CPU
		{5D7E939A-EAD3-44DE-A008-6F99271C112F}.Release|Any CPU.Build.0 = Release|Any CPU
		{C23F2C55-1E93-49D5-9EE5-F6B6BF764E97}.Debug|Any CPU.ActiveCfg = Debug|Any CPU
		{C23F2C55-1E93-49D5-9EE5-F6B6BF764E97}.Debug|Any CPU.Build.0 = Debug|Any CPU
		{C23F2C55-1E93-49D5-9EE5-F6B6BF764E97}.Release|Any CPU.ActiveCfg = Release|Any CPU
		{C23F2C55-1E93-49D5-9EE5-F6B6BF764E97}.Release|Any CPU.Build.0 = Release|Any CPU
		{DCF4E4BD-C385-4CC2-9939-AFC12027229B}.Debug|Any CPU.ActiveCfg = Debug|Any CPU
		{DCF4E4BD-C385-4CC2-9939-AFC12027229B}.Debug|Any CPU.Build.0 = Debug|Any CPU
		{DCF4E4BD-C385-4CC2-9939-AFC12027229B}.Release|Any CPU.ActiveCfg = Release|Any CPU
		{DCF4E4BD-C385-4CC2-9939-AFC12027229B}.Release|Any CPU.Build.0 = Release|Any CPU
		{79E70415-2981-4B4C-923A-F991456C08C5}.Debug|Any CPU.ActiveCfg = Debug|Any CPU
		{79E70415-2981-4B4C-923A-F991456C08C5}.Debug|Any CPU.Build.0 = Debug|Any CPU
		{79E70415-2981-4B4C-923A-F991456C08C5}.Release|Any CPU.ActiveCfg = Release|Any CPU
		{79E70415-2981-4B4C-923A-F991456C08C5}.Release|Any CPU.Build.0 = Release|Any CPU
		{2A53038A-A1D0-42EE-976A-224883477EA9}.Debug|Any CPU.ActiveCfg = Debug|Any CPU
		{2A53038A-A1D0-42EE-976A-224883477EA9}.Debug|Any CPU.Build.0 = Debug|Any CPU
		{2A53038A-A1D0-42EE-976A-224883477EA9}.Release|Any CPU.ActiveCfg = Release|Any CPU
		{2A53038A-A1D0-42EE-976A-224883477EA9}.Release|Any CPU.Build.0 = Release|Any CPU
		{3C2F696A-7083-4BD3-A5BD-5710D9AB36D8}.Debug|Any CPU.ActiveCfg = Debug|Any CPU
		{3C2F696A-7083-4BD3-A5BD-5710D9AB36D8}.Debug|Any CPU.Build.0 = Debug|Any CPU
		{3C2F696A-7083-4BD3-A5BD-5710D9AB36D8}.Release|Any CPU.ActiveCfg = Release|Any CPU
		{3C2F696A-7083-4BD3-A5BD-5710D9AB36D8}.Release|Any CPU.Build.0 = Release|Any CPU
		{54A258E4-35A7-4D74-AB25-133A1473D6A1}.Debug|Any CPU.ActiveCfg = Debug|Any CPU
		{54A258E4-35A7-4D74-AB25-133A1473D6A1}.Debug|Any CPU.Build.0 = Debug|Any CPU
		{54A258E4-35A7-4D74-AB25-133A1473D6A1}.Release|Any CPU.ActiveCfg = Release|Any CPU
		{54A258E4-35A7-4D74-AB25-133A1473D6A1}.Release|Any CPU.Build.0 = Release|Any CPU
		{A26903A1-48C8-4ED4-BDB8-F0F559DE9590}.Debug|Any CPU.ActiveCfg = Debug|Any CPU
		{A26903A1-48C8-4ED4-BDB8-F0F559DE9590}.Debug|Any CPU.Build.0 = Debug|Any CPU
		{A26903A1-48C8-4ED4-BDB8-F0F559DE9590}.Release|Any CPU.ActiveCfg = Release|Any CPU
		{A26903A1-48C8-4ED4-BDB8-F0F559DE9590}.Release|Any CPU.Build.0 = Release|Any CPU
		{07F5D93B-B8CE-4C8B-AF9F-89D2749791F8}.Debug|Any CPU.ActiveCfg = Debug|Any CPU
		{07F5D93B-B8CE-4C8B-AF9F-89D2749791F8}.Debug|Any CPU.Build.0 = Debug|Any CPU
		{07F5D93B-B8CE-4C8B-AF9F-89D2749791F8}.Release|Any CPU.ActiveCfg = Release|Any CPU
		{07F5D93B-B8CE-4C8B-AF9F-89D2749791F8}.Release|Any CPU.Build.0 = Release|Any CPU
		{92CEDD62-FF7D-4C2E-9478-C7E3407C1FBB}.Debug|Any CPU.ActiveCfg = Debug|Any CPU
		{92CEDD62-FF7D-4C2E-9478-C7E3407C1FBB}.Debug|Any CPU.Build.0 = Debug|Any CPU
		{92CEDD62-FF7D-4C2E-9478-C7E3407C1FBB}.Release|Any CPU.ActiveCfg = Release|Any CPU
		{92CEDD62-FF7D-4C2E-9478-C7E3407C1FBB}.Release|Any CPU.Build.0 = Release|Any CPU
		{F33EC4A6-65C8-4481-830E-3E6A7F20EDD9}.Debug|Any CPU.ActiveCfg = Debug|Any CPU
		{F33EC4A6-65C8-4481-830E-3E6A7F20EDD9}.Debug|Any CPU.Build.0 = Debug|Any CPU
		{F33EC4A6-65C8-4481-830E-3E6A7F20EDD9}.Release|Any CPU.ActiveCfg = Release|Any CPU
		{F33EC4A6-65C8-4481-830E-3E6A7F20EDD9}.Release|Any CPU.Build.0 = Release|Any CPU
		{C6EE0821-C2F2-4849-AF79-F331E40BE0FF}.Debug|Any CPU.ActiveCfg = Debug|Any CPU
		{C6EE0821-C2F2-4849-AF79-F331E40BE0FF}.Debug|Any CPU.Build.0 = Debug|Any CPU
		{C6EE0821-C2F2-4849-AF79-F331E40BE0FF}.Release|Any CPU.ActiveCfg = Release|Any CPU
		{C6EE0821-C2F2-4849-AF79-F331E40BE0FF}.Release|Any CPU.Build.0 = Release|Any CPU
		{D8F22D34-80B9-4A7A-ACCC-74C5AB55B5BB}.Debug|Any CPU.ActiveCfg = Debug|Any CPU
		{D8F22D34-80B9-4A7A-ACCC-74C5AB55B5BB}.Debug|Any CPU.Build.0 = Debug|Any CPU
		{D8F22D34-80B9-4A7A-ACCC-74C5AB55B5BB}.Release|Any CPU.ActiveCfg = Release|Any CPU
		{D8F22D34-80B9-4A7A-ACCC-74C5AB55B5BB}.Release|Any CPU.Build.0 = Release|Any CPU
		{36B5F795-8FE3-4849-BC09-2E01F926DF69}.Debug|Any CPU.ActiveCfg = Debug|Any CPU
		{36B5F795-8FE3-4849-BC09-2E01F926DF69}.Debug|Any CPU.Build.0 = Debug|Any CPU
		{36B5F795-8FE3-4849-BC09-2E01F926DF69}.Release|Any CPU.ActiveCfg = Release|Any CPU
		{36B5F795-8FE3-4849-BC09-2E01F926DF69}.Release|Any CPU.Build.0 = Release|Any CPU
		{E409A84A-DD18-4349-B439-E5E8FE301153}.Debug|Any CPU.ActiveCfg = Debug|Any CPU
		{E409A84A-DD18-4349-B439-E5E8FE301153}.Debug|Any CPU.Build.0 = Debug|Any CPU
		{E409A84A-DD18-4349-B439-E5E8FE301153}.Release|Any CPU.ActiveCfg = Release|Any CPU
		{E409A84A-DD18-4349-B439-E5E8FE301153}.Release|Any CPU.Build.0 = Release|Any CPU
	EndGlobalSection
	GlobalSection(SolutionProperties) = preSolution
		HideSolutionNode = FALSE
	EndGlobalSection
	GlobalSection(NestedProjects) = preSolution
		{E43FABD9-508B-41E7-8A4F-DD534AD69A6C} = {720BAD47-5B87-488E-B2EF-D91886B97FBE}
		{CC9093E4-B4EE-4239-B93C-912BBE0F7DE3} = {720BAD47-5B87-488E-B2EF-D91886B97FBE}
		{E4ADA4D9-D9B9-452D-BA55-208670735556} = {720BAD47-5B87-488E-B2EF-D91886B97FBE}
		{A1AEB4D7-F5F2-419E-AB99-1BCF7AECC5D5} = {F1EB713A-48E1-4519-A2CD-2438C5543028}
		{49EF61A4-9381-49CF-91D9-4B2471C7A1C1} = {F1EB713A-48E1-4519-A2CD-2438C5543028}
		{566348E5-2628-4CA7-BB20-CAF8C8DD650D} = {F1EB713A-48E1-4519-A2CD-2438C5543028}
		{71804FEC-1E43-4533-B52E-627A59AF1AEF} = {E43FABD9-508B-41E7-8A4F-DD534AD69A6C}
		{4E3A7A49-E171-4581-9132-32E0FA598E21} = {E43FABD9-508B-41E7-8A4F-DD534AD69A6C}
		{26343E4E-6CD0-400A-BBB8-BEADA9D06B1C} = {CC9093E4-B4EE-4239-B93C-912BBE0F7DE3}
		{3600FD68-3C8E-47E9-ACF6-EE3722BB88F9} = {CC9093E4-B4EE-4239-B93C-912BBE0F7DE3}
		{7C24A2BC-36B6-4BCF-A81E-E7F7A2BFC1FE} = {E4ADA4D9-D9B9-452D-BA55-208670735556}
		{7E578B2A-0171-4BD8-BB67-3F88E79DBCCA} = {A1AEB4D7-F5F2-419E-AB99-1BCF7AECC5D5}
		{E4D3D6F1-1EAD-46C0-B923-58F4BAA30854} = {A1AEB4D7-F5F2-419E-AB99-1BCF7AECC5D5}
		{0B01C30B-3C47-42E7-A866-12FDD5A6852D} = {49EF61A4-9381-49CF-91D9-4B2471C7A1C1}
		{C5F0666C-C36F-481F-B660-D0878AEF9E55} = {49EF61A4-9381-49CF-91D9-4B2471C7A1C1}
		{F93AC583-9254-4776-84C9-199BB23B560D} = {566348E5-2628-4CA7-BB20-CAF8C8DD650D}
		{65128BC8-2FB1-4AF7-BB10-53ECC00AF671} = {02EA681E-C7D8-13C7-8484-4AC65E1B71E8}
		{108D82A2-B6A8-45DE-BBDB-81BE4657DA99} = {02EA681E-C7D8-13C7-8484-4AC65E1B71E8}
		{ED5AA6FE-8868-4279-B94E-63E71B2B6FA9} = {02EA681E-C7D8-13C7-8484-4AC65E1B71E8}
		{95BA9C68-8F3D-4804-83F5-5DD6F8891977} = {65128BC8-2FB1-4AF7-BB10-53ECC00AF671}
		{97FDE3F9-0C3A-4A5F-927B-9387CF774B72} = {65128BC8-2FB1-4AF7-BB10-53ECC00AF671}
		{A7716EFC-BF47-481E-9CE1-E22A2B940EB7} = {108D82A2-B6A8-45DE-BBDB-81BE4657DA99}
		{BF53657E-8FF5-484C-B273-A5C78C719F59} = {108D82A2-B6A8-45DE-BBDB-81BE4657DA99}
		{AA0AF8A0-19CE-487B-A140-2AC6F3972293} = {ED5AA6FE-8868-4279-B94E-63E71B2B6FA9}
		{1F68EFAC-B67D-4710-8701-1461EFC77739} = {AF726AB7-31E8-403E-A4B1-5D95E322279F}
		{FDAE9531-B62C-42C4-9AEE-E81B69873FF4} = {AF726AB7-31E8-403E-A4B1-5D95E322279F}
		{DEB18433-9D65-4CC9-8B21-36B97B1011C8} = {AF726AB7-31E8-403E-A4B1-5D95E322279F}
		{EE210975-DF8B-427E-8D2B-F2AB4EC10C39} = {1F68EFAC-B67D-4710-8701-1461EFC77739}
		{86A42F2F-1BCA-4376-B078-8DC3DE79F97F} = {1F68EFAC-B67D-4710-8701-1461EFC77739}
		{5971F305-4CE9-4EB4-AB49-26AB99A0290C} = {FDAE9531-B62C-42C4-9AEE-E81B69873FF4}
		{14B6C9F9-A7F1-49D1-B9ED-862E970AB02B} = {FDAE9531-B62C-42C4-9AEE-E81B69873FF4}
		{2046BDCB-4E91-45AF-BE44-5C3429EFB7B6} = {DEB18433-9D65-4CC9-8B21-36B97B1011C8}
		{C6626E47-6DF4-4F3A-8D59-AF647C754419} = {8DD32EEE-9949-46B3-97FF-33F6FD6CF8E0}
		{CE122359-2895-431C-BB70-33F596BACDF1} = {8DD32EEE-9949-46B3-97FF-33F6FD6CF8E0}
		{5E7C90DD-79B4-41CA-A517-0E9AF04C88B9} = {8DD32EEE-9949-46B3-97FF-33F6FD6CF8E0}
		{CECAC348-9628-45CE-97C1-ABBC5E614B06} = {C6626E47-6DF4-4F3A-8D59-AF647C754419}
		{74BA0D46-B1CF-4DBF-A6EF-464A6F439A54} = {C6626E47-6DF4-4F3A-8D59-AF647C754419}
		{B8187E7A-B38A-49B2-804A-5A7F53EB2F37} = {CE122359-2895-431C-BB70-33F596BACDF1}
		{DE8BC06A-4B89-45B6-8501-805684B3E5CF} = {CE122359-2895-431C-BB70-33F596BACDF1}
		{B5DE13D6-281F-478B-A31A-65D236776369} = {5E7C90DD-79B4-41CA-A517-0E9AF04C88B9}
		{FBDA51DE-1417-434D-98DE-C778A46F2896} = {C0243D8C-F316-44EC-B495-567BD2034552}
		{1EBEBB6D-8435-4B59-AF44-7CBCCF0F704E} = {C0243D8C-F316-44EC-B495-567BD2034552}
		{5E4D0761-4ED8-4E5A-A506-975E5BAEC4AB} = {C0243D8C-F316-44EC-B495-567BD2034552}
		{3F58B702-9FA5-461A-BB65-FA4EA4E7C105} = {FBDA51DE-1417-434D-98DE-C778A46F2896}
		{4452C3DB-57FB-41AA-B768-7B5EB70D685E} = {FBDA51DE-1417-434D-98DE-C778A46F2896}
		{9B3AB07B-4B03-493F-9F27-177F556995A4} = {1EBEBB6D-8435-4B59-AF44-7CBCCF0F704E}
		{04B4C9EB-8C58-4793-A421-4B23C0A8701B} = {1EBEBB6D-8435-4B59-AF44-7CBCCF0F704E}
		{F36D6088-3FC3-462E-95F3-E5E79F824EBC} = {5E4D0761-4ED8-4E5A-A506-975E5BAEC4AB}
		{81F988A6-BD93-472C-BFC6-4EB7EC1E87A4} = {6A78E499-6AB0-41D7-81B9-BE6645A70091}
		{E4169235-E5FD-489B-839F-D6D6648EB854} = {6A78E499-6AB0-41D7-81B9-BE6645A70091}
		{ABEDC860-FA35-470D-B573-D0BC0710C4C2} = {6A78E499-6AB0-41D7-81B9-BE6645A70091}
		{5D7E939A-EAD3-44DE-A008-6F99271C112F} = {81F988A6-BD93-472C-BFC6-4EB7EC1E87A4}
		{C23F2C55-1E93-49D5-9EE5-F6B6BF764E97} = {81F988A6-BD93-472C-BFC6-4EB7EC1E87A4}
		{DCF4E4BD-C385-4CC2-9939-AFC12027229B} = {E4169235-E5FD-489B-839F-D6D6648EB854}
		{79E70415-2981-4B4C-923A-F991456C08C5} = {E4169235-E5FD-489B-839F-D6D6648EB854}
		{2A53038A-A1D0-42EE-976A-224883477EA9} = {ABEDC860-FA35-470D-B573-D0BC0710C4C2}
		{9F307E29-5023-428F-8A7E-970CBDF5E9FB} = {2E6CF228-8BDA-4A8F-ABDE-19CFA62D7517}
		{DB7A50A1-ABE7-4EA1-8260-FA215E14C1AE} = {2E6CF228-8BDA-4A8F-ABDE-19CFA62D7517}
		{F8D14C24-8C78-4D11-82C7-F6D02EF0C3B6} = {9F307E29-5023-428F-8A7E-970CBDF5E9FB}
		{F1DD20DC-E3D6-416A-AF4B-5BE690F0F05C} = {9F307E29-5023-428F-8A7E-970CBDF5E9FB}
		{FFEA28BF-CAD7-4112-835C-57F40468F2F7} = {9F307E29-5023-428F-8A7E-970CBDF5E9FB}
		{3C2F696A-7083-4BD3-A5BD-5710D9AB36D8} = {F8D14C24-8C78-4D11-82C7-F6D02EF0C3B6}
		{54A258E4-35A7-4D74-AB25-133A1473D6A1} = {F8D14C24-8C78-4D11-82C7-F6D02EF0C3B6}
		{A26903A1-48C8-4ED4-BDB8-F0F559DE9590} = {F1DD20DC-E3D6-416A-AF4B-5BE690F0F05C}
		{07F5D93B-B8CE-4C8B-AF9F-89D2749791F8} = {F1DD20DC-E3D6-416A-AF4B-5BE690F0F05C}
		{92CEDD62-FF7D-4C2E-9478-C7E3407C1FBB} = {FFEA28BF-CAD7-4112-835C-57F40468F2F7}
		{66D282BA-A5A7-4726-A7E9-7D9FCEB647C2} = {5D9ECF3D-6C97-4ACE-BEC1-C4D3E3DB39D3}
		{8C8DE07D-09E0-40D4-A736-9A312747607D} = {5D9ECF3D-6C97-4ACE-BEC1-C4D3E3DB39D3}
		{E18ACE15-D0C1-4E31-A58D-125D88D9CB3E} = {66D282BA-A5A7-4726-A7E9-7D9FCEB647C2}
		{E18E6052-F7D1-4558-8D80-0E405C58E739} = {66D282BA-A5A7-4726-A7E9-7D9FCEB647C2}
		{FEF3D57F-0669-457A-BC94-C7772A0692D4} = {66D282BA-A5A7-4726-A7E9-7D9FCEB647C2}
		{F33EC4A6-65C8-4481-830E-3E6A7F20EDD9} = {E18ACE15-D0C1-4E31-A58D-125D88D9CB3E}
		{C6EE0821-C2F2-4849-AF79-F331E40BE0FF} = {E18ACE15-D0C1-4E31-A58D-125D88D9CB3E}
		{D8F22D34-80B9-4A7A-ACCC-74C5AB55B5BB} = {E18E6052-F7D1-4558-8D80-0E405C58E739}
		{36B5F795-8FE3-4849-BC09-2E01F926DF69} = {E18E6052-F7D1-4558-8D80-0E405C58E739}
		{E409A84A-DD18-4349-B439-E5E8FE301153} = {FEF3D57F-0669-457A-BC94-C7772A0692D4}
	EndGlobalSection
	GlobalSection(ExtensibilityGlobals) = postSolution
		SolutionGuid = {F6C9F349-32E3-439F-92DD-61656F073182}
	EndGlobalSection
EndGlobal
